
Microsoft Visual Studio Solution File, Format Version 11.00
# Visual Studio 2010
Project("{FAE04EC0-301F-11D3-BF4B-00C04F79EFBC}") = "NETPack.Core", "NETPack.Core.csproj", "{B32DB19A-FA32-40FF-BE86-6F5156EC3C74}"
EndProject
Project("{FAE04EC0-301F-11D3-BF4B-00C04F79EFBC}") = "NETPack.Console", "..\NETPack.Console\NETPack.Console.csproj", "{6C25A7BD-92FC-4304-B5CA-B046E03DD5C5}"
EndProject
Project("{FAE04EC0-301F-11D3-BF4B-00C04F79EFBC}") = "Mono.Cecil", "..\..\..\..\Desktop\jbevain-cecil-aea2ceb\Mono.Cecil.csproj", "{D68133BD-1E63-496E-9EDE-4FBDBF77B486}"
EndProject
Global
	GlobalSection(SolutionConfigurationPlatforms) = preSolution
		Debug|Any CPU = Debug|Any CPU
		Debug|Mixed Platforms = Debug|Mixed Platforms
		Debug|x86 = Debug|x86
		net_2_0_Debug|Any CPU = net_2_0_Debug|Any CPU
		net_2_0_Debug|Mixed Platforms = net_2_0_Debug|Mixed Platforms
		net_2_0_Debug|x86 = net_2_0_Debug|x86
		net_2_0_Release|Any CPU = net_2_0_Release|Any CPU
		net_2_0_Release|Mixed Platforms = net_2_0_Release|Mixed Platforms
		net_2_0_Release|x86 = net_2_0_Release|x86
		net_3_5_Debug|Any CPU = net_3_5_Debug|Any CPU
		net_3_5_Debug|Mixed Platforms = net_3_5_Debug|Mixed Platforms
		net_3_5_Debug|x86 = net_3_5_Debug|x86
		net_3_5_Release|Any CPU = net_3_5_Release|Any CPU
		net_3_5_Release|Mixed Platforms = net_3_5_Release|Mixed Platforms
		net_3_5_Release|x86 = net_3_5_Release|x86
		net_4_0_Debug|Any CPU = net_4_0_Debug|Any CPU
		net_4_0_Debug|Mixed Platforms = net_4_0_Debug|Mixed Platforms
		net_4_0_Debug|x86 = net_4_0_Debug|x86
		net_4_0_Release|Any CPU = net_4_0_Release|Any CPU
		net_4_0_Release|Mixed Platforms = net_4_0_Release|Mixed Platforms
		net_4_0_Release|x86 = net_4_0_Release|x86
		Release|Any CPU = Release|Any CPU
		Release|Mixed Platforms = Release|Mixed Platforms
		Release|x86 = Release|x86
		silverlight_Debug|Any CPU = silverlight_Debug|Any CPU
		silverlight_Debug|Mixed Platforms = silverlight_Debug|Mixed Platforms
		silverlight_Debug|x86 = silverlight_Debug|x86
		silverlight_Release|Any CPU = silverlight_Release|Any CPU
		silverlight_Release|Mixed Platforms = silverlight_Release|Mixed Platforms
		silverlight_Release|x86 = silverlight_Release|x86
		winphone_Debug|Any CPU = winphone_Debug|Any CPU
		winphone_Debug|Mixed Platforms = winphone_Debug|Mixed Platforms
		winphone_Debug|x86 = winphone_Debug|x86
		winphone_Release|Any CPU = winphone_Release|Any CPU
		winphone_Release|Mixed Platforms = winphone_Release|Mixed Platforms
		winphone_Release|x86 = winphone_Release|x86
	EndGlobalSection
	GlobalSection(ProjectConfigurationPlatforms) = postSolution
		{B32DB19A-FA32-40FF-BE86-6F5156EC3C74}.Debug|Any CPU.ActiveCfg = Debug|Any CPU
		{B32DB19A-FA32-40FF-BE86-6F5156EC3C74}.Debug|Any CPU.Build.0 = Debug|Any CPU
		{B32DB19A-FA32-40FF-BE86-6F5156EC3C74}.Debug|Mixed Platforms.ActiveCfg = Debug|Any CPU
		{B32DB19A-FA32-40FF-BE86-6F5156EC3C74}.Debug|Mixed Platforms.Build.0 = Debug|Any CPU
		{B32DB19A-FA32-40FF-BE86-6F5156EC3C74}.Debug|x86.ActiveCfg = Debug|Any CPU
		{B32DB19A-FA32-40FF-BE86-6F5156EC3C74}.net_2_0_Debug|Any CPU.ActiveCfg = Debug|Any CPU
		{B32DB19A-FA32-40FF-BE86-6F5156EC3C74}.net_2_0_Debug|Any CPU.Build.0 = Debug|Any CPU
		{B32DB19A-FA32-40FF-BE86-6F5156EC3C74}.net_2_0_Debug|Mixed Platforms.ActiveCfg = Debug|Any CPU
		{B32DB19A-FA32-40FF-BE86-6F5156EC3C74}.net_2_0_Debug|Mixed Platforms.Build.0 = Debug|Any CPU
		{B32DB19A-FA32-40FF-BE86-6F5156EC3C74}.net_2_0_Debug|x86.ActiveCfg = Debug|Any CPU
		{B32DB19A-FA32-40FF-BE86-6F5156EC3C74}.net_2_0_Release|Any CPU.ActiveCfg = Release|Any CPU
		{B32DB19A-FA32-40FF-BE86-6F5156EC3C74}.net_2_0_Release|Any CPU.Build.0 = Release|Any CPU
		{B32DB19A-FA32-40FF-BE86-6F5156EC3C74}.net_2_0_Release|Mixed Platforms.ActiveCfg = Release|Any CPU
		{B32DB19A-FA32-40FF-BE86-6F5156EC3C74}.net_2_0_Release|Mixed Platforms.Build.0 = Release|Any CPU
		{B32DB19A-FA32-40FF-BE86-6F5156EC3C74}.net_2_0_Release|x86.ActiveCfg = Release|Any CPU
		{B32DB19A-FA32-40FF-BE86-6F5156EC3C74}.net_3_5_Debug|Any CPU.ActiveCfg = Debug|Any CPU
		{B32DB19A-FA32-40FF-BE86-6F5156EC3C74}.net_3_5_Debug|Any CPU.Build.0 = Debug|Any CPU
		{B32DB19A-FA32-40FF-BE86-6F5156EC3C74}.net_3_5_Debug|Mixed Platforms.ActiveCfg = Debug|Any CPU
		{B32DB19A-FA32-40FF-BE86-6F5156EC3C74}.net_3_5_Debug|Mixed Platforms.Build.0 = Debug|Any CPU
		{B32DB19A-FA32-40FF-BE86-6F5156EC3C74}.net_3_5_Debug|x86.ActiveCfg = Debug|Any CPU
		{B32DB19A-FA32-40FF-BE86-6F5156EC3C74}.net_3_5_Release|Any CPU.ActiveCfg = Release|Any CPU
		{B32DB19A-FA32-40FF-BE86-6F5156EC3C74}.net_3_5_Release|Any CPU.Build.0 = Release|Any CPU
		{B32DB19A-FA32-40FF-BE86-6F5156EC3C74}.net_3_5_Release|Mixed Platforms.ActiveCfg = Release|Any CPU
		{B32DB19A-FA32-40FF-BE86-6F5156EC3C74}.net_3_5_Release|Mixed Platforms.Build.0 = Release|Any CPU
		{B32DB19A-FA32-40FF-BE86-6F5156EC3C74}.net_3_5_Release|x86.ActiveCfg = Release|Any CPU
		{B32DB19A-FA32-40FF-BE86-6F5156EC3C74}.net_4_0_Debug|Any CPU.ActiveCfg = Debug|Any CPU
		{B32DB19A-FA32-40FF-BE86-6F5156EC3C74}.net_4_0_Debug|Any CPU.Build.0 = Debug|Any CPU
		{B32DB19A-FA32-40FF-BE86-6F5156EC3C74}.net_4_0_Debug|Mixed Platforms.ActiveCfg = Debug|Any CPU
		{B32DB19A-FA32-40FF-BE86-6F5156EC3C74}.net_4_0_Debug|Mixed Platforms.Build.0 = Debug|Any CPU
		{B32DB19A-FA32-40FF-BE86-6F5156EC3C74}.net_4_0_Debug|x86.ActiveCfg = Debug|Any CPU
		{B32DB19A-FA32-40FF-BE86-6F5156EC3C74}.net_4_0_Release|Any CPU.ActiveCfg = Release|Any CPU
		{B32DB19A-FA32-40FF-BE86-6F5156EC3C74}.net_4_0_Release|Any CPU.Build.0 = Release|Any CPU
		{B32DB19A-FA32-40FF-BE86-6F5156EC3C74}.net_4_0_Release|Mixed Platforms.ActiveCfg = Release|Any CPU
		{B32DB19A-FA32-40FF-BE86-6F5156EC3C74}.net_4_0_Release|Mixed Platforms.Build.0 = Release|Any CPU
		{B32DB19A-FA32-40FF-BE86-6F5156EC3C74}.net_4_0_Release|x86.ActiveCfg = Release|Any CPU
		{B32DB19A-FA32-40FF-BE86-6F5156EC3C74}.Release|Any CPU.ActiveCfg = Release|Any CPU
		{B32DB19A-FA32-40FF-BE86-6F5156EC3C74}.Release|Any CPU.Build.0 = Release|Any CPU
		{B32DB19A-FA32-40FF-BE86-6F5156EC3C74}.Release|Mixed Platforms.ActiveCfg = Release|Any CPU
		{B32DB19A-FA32-40FF-BE86-6F5156EC3C74}.Release|Mixed Platforms.Build.0 = Release|Any CPU
		{B32DB19A-FA32-40FF-BE86-6F5156EC3C74}.Release|x86.ActiveCfg = Release|Any CPU
		{B32DB19A-FA32-40FF-BE86-6F5156EC3C74}.silverlight_Debug|Any CPU.ActiveCfg = Debug|Any CPU
		{B32DB19A-FA32-40FF-BE86-6F5156EC3C74}.silverlight_Debug|Any CPU.Build.0 = Debug|Any CPU
		{B32DB19A-FA32-40FF-BE86-6F5156EC3C74}.silverlight_Debug|Mixed Platforms.ActiveCfg = Debug|Any CPU
		{B32DB19A-FA32-40FF-BE86-6F5156EC3C74}.silverlight_Debug|Mixed Platforms.Build.0 = Debug|Any CPU
		{B32DB19A-FA32-40FF-BE86-6F5156EC3C74}.silverlight_Debug|x86.ActiveCfg = Debug|Any CPU
		{B32DB19A-FA32-40FF-BE86-6F5156EC3C74}.silverlight_Release|Any CPU.ActiveCfg = Release|Any CPU
		{B32DB19A-FA32-40FF-BE86-6F5156EC3C74}.silverlight_Release|Any CPU.Build.0 = Release|Any CPU
		{B32DB19A-FA32-40FF-BE86-6F5156EC3C74}.silverlight_Release|Mixed Platforms.ActiveCfg = Release|Any CPU
		{B32DB19A-FA32-40FF-BE86-6F5156EC3C74}.silverlight_Release|Mixed Platforms.Build.0 = Release|Any CPU
		{B32DB19A-FA32-40FF-BE86-6F5156EC3C74}.silverlight_Release|x86.ActiveCfg = Release|Any CPU
		{B32DB19A-FA32-40FF-BE86-6F5156EC3C74}.winphone_Debug|Any CPU.ActiveCfg = Debug|Any CPU
		{B32DB19A-FA32-40FF-BE86-6F5156EC3C74}.winphone_Debug|Any CPU.Build.0 = Debug|Any CPU
		{B32DB19A-FA32-40FF-BE86-6F5156EC3C74}.winphone_Debug|Mixed Platforms.ActiveCfg = Debug|Any CPU
		{B32DB19A-FA32-40FF-BE86-6F5156EC3C74}.winphone_Debug|Mixed Platforms.Build.0 = Debug|Any CPU
		{B32DB19A-FA32-40FF-BE86-6F5156EC3C74}.winphone_Debug|x86.ActiveCfg = Debug|Any CPU
		{B32DB19A-FA32-40FF-BE86-6F5156EC3C74}.winphone_Release|Any CPU.ActiveCfg = Release|Any CPU
		{B32DB19A-FA32-40FF-BE86-6F5156EC3C74}.winphone_Release|Any CPU.Build.0 = Release|Any CPU
		{B32DB19A-FA32-40FF-BE86-6F5156EC3C74}.winphone_Release|Mixed Platforms.ActiveCfg = Release|Any CPU
		{B32DB19A-FA32-40FF-BE86-6F5156EC3C74}.winphone_Release|Mixed Platforms.Build.0 = Release|Any CPU
		{B32DB19A-FA32-40FF-BE86-6F5156EC3C74}.winphone_Release|x86.ActiveCfg = Release|Any CPU
		{6C25A7BD-92FC-4304-B5CA-B046E03DD5C5}.Debug|Any CPU.ActiveCfg = Debug|x86
		{6C25A7BD-92FC-4304-B5CA-B046E03DD5C5}.Debug|Mixed Platforms.ActiveCfg = Debug|x86
		{6C25A7BD-92FC-4304-B5CA-B046E03DD5C5}.Debug|Mixed Platforms.Build.0 = Debug|x86
		{6C25A7BD-92FC-4304-B5CA-B046E03DD5C5}.Debug|x86.ActiveCfg = Debug|x86
		{6C25A7BD-92FC-4304-B5CA-B046E03DD5C5}.Debug|x86.Build.0 = Debug|x86
		{6C25A7BD-92FC-4304-B5CA-B046E03DD5C5}.net_2_0_Debug|Any CPU.ActiveCfg = Debug|x86
		{6C25A7BD-92FC-4304-B5CA-B046E03DD5C5}.net_2_0_Debug|Mixed Platforms.ActiveCfg = Debug|x86
		{6C25A7BD-92FC-4304-B5CA-B046E03DD5C5}.net_2_0_Debug|Mixed Platforms.Build.0 = Debug|x86
		{6C25A7BD-92FC-4304-B5CA-B046E03DD5C5}.net_2_0_Debug|x86.ActiveCfg = Debug|x86
		{6C25A7BD-92FC-4304-B5CA-B046E03DD5C5}.net_2_0_Debug|x86.Build.0 = Debug|x86
		{6C25A7BD-92FC-4304-B5CA-B046E03DD5C5}.net_2_0_Release|Any CPU.ActiveCfg = Release|x86
		{6C25A7BD-92FC-4304-B5CA-B046E03DD5C5}.net_2_0_Release|Mixed Platforms.ActiveCfg = Release|x86
		{6C25A7BD-92FC-4304-B5CA-B046E03DD5C5}.net_2_0_Release|Mixed Platforms.Build.0 = Release|x86
		{6C25A7BD-92FC-4304-B5CA-B046E03DD5C5}.net_2_0_Release|x86.ActiveCfg = Release|x86
		{6C25A7BD-92FC-4304-B5CA-B046E03DD5C5}.net_2_0_Release|x86.Build.0 = Release|x86
		{6C25A7BD-92FC-4304-B5CA-B046E03DD5C5}.net_3_5_Debug|Any CPU.ActiveCfg = Debug|x86
		{6C25A7BD-92FC-4304-B5CA-B046E03DD5C5}.net_3_5_Debug|Mixed Platforms.ActiveCfg = Debug|x86
		{6C25A7BD-92FC-4304-B5CA-B046E03DD5C5}.net_3_5_Debug|Mixed Platforms.Build.0 = Debug|x86
		{6C25A7BD-92FC-4304-B5CA-B046E03DD5C5}.net_3_5_Debug|x86.ActiveCfg = Debug|x86
		{6C25A7BD-92FC-4304-B5CA-B046E03DD5C5}.net_3_5_Debug|x86.Build.0 = Debug|x86
		{6C25A7BD-92FC-4304-B5CA-B046E03DD5C5}.net_3_5_Release|Any CPU.ActiveCfg = Release|x86
		{6C25A7BD-92FC-4304-B5CA-B046E03DD5C5}.net_3_5_Release|Mixed Platforms.ActiveCfg = Release|x86
		{6C25A7BD-92FC-4304-B5CA-B046E03DD5C5}.net_3_5_Release|Mixed Platforms.Build.0 = Release|x86
		{6C25A7BD-92FC-4304-B5CA-B046E03DD5C5}.net_3_5_Release|x86.ActiveCfg = Release|x86
		{6C25A7BD-92FC-4304-B5CA-B046E03DD5C5}.net_3_5_Release|x86.Build.0 = Release|x86
		{6C25A7BD-92FC-4304-B5CA-B046E03DD5C5}.net_4_0_Debug|Any CPU.ActiveCfg = Debug|x86
		{6C25A7BD-92FC-4304-B5CA-B046E03DD5C5}.net_4_0_Debug|Mixed Platforms.ActiveCfg = Debug|x86
		{6C25A7BD-92FC-4304-B5CA-B046E03DD5C5}.net_4_0_Debug|Mixed Platforms.Build.0 = Debug|x86
		{6C25A7BD-92FC-4304-B5CA-B046E03DD5C5}.net_4_0_Debug|x86.ActiveCfg = Debug|x86
		{6C25A7BD-92FC-4304-B5CA-B046E03DD5C5}.net_4_0_Debug|x86.Build.0 = Debug|x86
		{6C25A7BD-92FC-4304-B5CA-B046E03DD5C5}.net_4_0_Release|Any CPU.ActiveCfg = Release|x86
		{6C25A7BD-92FC-4304-B5CA-B046E03DD5C5}.net_4_0_Release|Mixed Platforms.ActiveCfg = Release|x86
		{6C25A7BD-92FC-4304-B5CA-B046E03DD5C5}.net_4_0_Release|Mixed Platforms.Build.0 = Release|x86
		{6C25A7BD-92FC-4304-B5CA-B046E03DD5C5}.net_4_0_Release|x86.ActiveCfg = Release|x86
		{6C25A7BD-92FC-4304-B5CA-B046E03DD5C5}.net_4_0_Release|x86.Build.0 = Release|x86
		{6C25A7BD-92FC-4304-B5CA-B046E03DD5C5}.Release|Any CPU.ActiveCfg = Release|x86
		{6C25A7BD-92FC-4304-B5CA-B046E03DD5C5}.Release|Mixed Platforms.ActiveCfg = Release|x86
		{6C25A7BD-92FC-4304-B5CA-B046E03DD5C5}.Release|Mixed Platforms.Build.0 = Release|x86
		{6C25A7BD-92FC-4304-B5CA-B046E03DD5C5}.Release|x86.ActiveCfg = Release|x86
		{6C25A7BD-92FC-4304-B5CA-B046E03DD5C5}.Release|x86.Build.0 = Release|x86
		{6C25A7BD-92FC-4304-B5CA-B046E03DD5C5}.silverlight_Debug|Any CPU.ActiveCfg = Debug|x86
		{6C25A7BD-92FC-4304-B5CA-B046E03DD5C5}.silverlight_Debug|Mixed Platforms.ActiveCfg = Debug|x86
		{6C25A7BD-92FC-4304-B5CA-B046E03DD5C5}.silverlight_Debug|Mixed Platforms.Build.0 = Debug|x86
		{6C25A7BD-92FC-4304-B5CA-B046E03DD5C5}.silverlight_Debug|x86.ActiveCfg = Debug|x86
		{6C25A7BD-92FC-4304-B5CA-B046E03DD5C5}.silverlight_Debug|x86.Build.0 = Debug|x86
		{6C25A7BD-92FC-4304-B5CA-B046E03DD5C5}.silverlight_Release|Any CPU.ActiveCfg = Release|x86
		{6C25A7BD-92FC-4304-B5CA-B046E03DD5C5}.silverlight_Release|Mixed Platforms.ActiveCfg = Release|x86
		{6C25A7BD-92FC-4304-B5CA-B046E03DD5C5}.silverlight_Release|Mixed Platforms.Build.0 = Release|x86
		{6C25A7BD-92FC-4304-B5CA-B046E03DD5C5}.silverlight_Release|x86.ActiveCfg = Release|x86
		{6C25A7BD-92FC-4304-B5CA-B046E03DD5C5}.silverlight_Release|x86.Build.0 = Release|x86
		{6C25A7BD-92FC-4304-B5CA-B046E03DD5C5}.winphone_Debug|Any CPU.ActiveCfg = Debug|x86
		{6C25A7BD-92FC-4304-B5CA-B046E03DD5C5}.winphone_Debug|Mixed Platforms.ActiveCfg = Debug|x86
		{6C25A7BD-92FC-4304-B5CA-B046E03DD5C5}.winphone_Debug|Mixed Platforms.Build.0 = Debug|x86
		{6C25A7BD-92FC-4304-B5CA-B046E03DD5C5}.winphone_Debug|x86.ActiveCfg = Debug|x86
		{6C25A7BD-92FC-4304-B5CA-B046E03DD5C5}.winphone_Debug|x86.Build.0 = Debug|x86
		{6C25A7BD-92FC-4304-B5CA-B046E03DD5C5}.winphone_Release|Any CPU.ActiveCfg = Release|x86
		{6C25A7BD-92FC-4304-B5CA-B046E03DD5C5}.winphone_Release|Mixed Platforms.ActiveCfg = Release|x86
		{6C25A7BD-92FC-4304-B5CA-B046E03DD5C5}.winphone_Release|Mixed Platforms.Build.0 = Release|x86
		{6C25A7BD-92FC-4304-B5CA-B046E03DD5C5}.winphone_Release|x86.ActiveCfg = Release|x86
		{6C25A7BD-92FC-4304-B5CA-B046E03DD5C5}.winphone_Release|x86.Build.0 = Release|x86
		{D68133BD-1E63-496E-9EDE-4FBDBF77B486}.Debug|Any CPU.ActiveCfg = winphone_Debug|Any CPU
		{D68133BD-1E63-496E-9EDE-4FBDBF77B486}.Debug|Any CPU.Build.0 = winphone_Debug|Any CPU
		{D68133BD-1E63-496E-9EDE-4FBDBF77B486}.Debug|Mixed Platforms.ActiveCfg = winphone_Release|Any CPU
		{D68133BD-1E63-496E-9EDE-4FBDBF77B486}.Debug|Mixed Platforms.Build.0 = winphone_Release|Any CPU
		{D68133BD-1E63-496E-9EDE-4FBDBF77B486}.Debug|x86.ActiveCfg = winphone_Release|Any CPU
		{D68133BD-1E63-496E-9EDE-4FBDBF77B486}.net_2_0_Debug|Any CPU.ActiveCfg = net_2_0_Debug|Any CPU
		{D68133BD-1E63-496E-9EDE-4FBDBF77B486}.net_2_0_Debug|Any CPU.Build.0 = net_2_0_Debug|Any CPU
		{D68133BD-1E63-496E-9EDE-4FBDBF77B486}.net_2_0_Debug|Mixed Platforms.ActiveCfg = net_2_0_Debug|Any CPU
		{D68133BD-1E63-496E-9EDE-4FBDBF77B486}.net_2_0_Debug|Mixed Platforms.Build.0 = net_2_0_Debug|Any CPU
		{D68133BD-1E63-496E-9EDE-4FBDBF77B486}.net_2_0_Debug|x86.ActiveCfg = net_2_0_Debug|Any CPU
		{D68133BD-1E63-496E-9EDE-4FBDBF77B486}.net_2_0_Release|Any CPU.ActiveCfg = net_2_0_Release|Any CPU
		{D68133BD-1E63-496E-9EDE-4FBDBF77B486}.net_2_0_Release|Any CPU.Build.0 = net_2_0_Release|Any CPU
		{D68133BD-1E63-496E-9EDE-4FBDBF77B486}.net_2_0_Release|Mixed Platforms.ActiveCfg = net_2_0_Release|Any CPU
		{D68133BD-1E63-496E-9EDE-4FBDBF77B486}.net_2_0_Release|Mixed Platforms.Build.0 = net_2_0_Release|Any CPU
		{D68133BD-1E63-496E-9EDE-4FBDBF77B486}.net_2_0_Release|x86.ActiveCfg = net_2_0_Release|Any CPU
		{D68133BD-1E63-496E-9EDE-4FBDBF77B486}.net_3_5_Debug|Any CPU.ActiveCfg = net_3_5_Debug|Any CPU
		{D68133BD-1E63-496E-9EDE-4FBDBF77B486}.net_3_5_Debug|Any CPU.Build.0 = net_3_5_Debug|Any CPU
		{D68133BD-1E63-496E-9EDE-4FBDBF77B486}.net_3_5_Debug|Mixed Platforms.ActiveCfg = net_3_5_Debug|Any CPU
		{D68133BD-1E63-496E-9EDE-4FBDBF77B486}.net_3_5_Debug|Mixed Platforms.Build.0 = net_3_5_Debug|Any CPU
		{D68133BD-1E63-496E-9EDE-4FBDBF77B486}.net_3_5_Debug|x86.ActiveCfg = net_3_5_Debug|Any CPU
		{D68133BD-1E63-496E-9EDE-4FBDBF77B486}.net_3_5_Release|Any CPU.ActiveCfg = net_3_5_Release|Any CPU
		{D68133BD-1E63-496E-9EDE-4FBDBF77B486}.net_3_5_Release|Any CPU.Build.0 = net_3_5_Release|Any CPU
		{D68133BD-1E63-496E-9EDE-4FBDBF77B486}.net_3_5_Release|Mixed Platforms.ActiveCfg = net_3_5_Release|Any CPU
		{D68133BD-1E63-496E-9EDE-4FBDBF77B486}.net_3_5_Release|Mixed Platforms.Build.0 = net_3_5_Release|Any CPU
		{D68133BD-1E63-496E-9EDE-4FBDBF77B486}.net_3_5_Release|x86.ActiveCfg = net_3_5_Release|Any CPU
		{D68133BD-1E63-496E-9EDE-4FBDBF77B486}.net_4_0_Debug|Any CPU.ActiveCfg = net_4_0_Debug|Any CPU
		{D68133BD-1E63-496E-9EDE-4FBDBF77B486}.net_4_0_Debug|Any CPU.Build.0 = net_4_0_Debug|Any CPU
		{D68133BD-1E63-496E-9EDE-4FBDBF77B486}.net_4_0_Debug|Mixed Platforms.ActiveCfg = net_4_0_Debug|Any CPU
		{D68133BD-1E63-496E-9EDE-4FBDBF77B486}.net_4_0_Debug|Mixed Platforms.Build.0 = net_4_0_Debug|Any CPU
		{D68133BD-1E63-496E-9EDE-4FBDBF77B486}.net_4_0_Debug|x86.ActiveCfg = net_4_0_Debug|Any CPU
		{D68133BD-1E63-496E-9EDE-4FBDBF77B486}.net_4_0_Release|Any CPU.ActiveCfg = net_4_0_Release|Any CPU
		{D68133BD-1E63-496E-9EDE-4FBDBF77B486}.net_4_0_Release|Any CPU.Build.0 = net_4_0_Release|Any CPU
		{D68133BD-1E63-496E-9EDE-4FBDBF77B486}.net_4_0_Release|Mixed Platforms.ActiveCfg = net_4_0_Release|Any CPU
		{D68133BD-1E63-496E-9EDE-4FBDBF77B486}.net_4_0_Release|Mixed Platforms.Build.0 = net_4_0_Release|Any CPU
		{D68133BD-1E63-496E-9EDE-4FBDBF77B486}.net_4_0_Release|x86.ActiveCfg = net_4_0_Release|Any CPU
		{D68133BD-1E63-496E-9EDE-4FBDBF77B486}.Release|Any CPU.ActiveCfg = winphone_Release|Any CPU
		{D68133BD-1E63-496E-9EDE-4FBDBF77B486}.Release|Any CPU.Build.0 = winphone_Release|Any CPU
		{D68133BD-1E63-496E-9EDE-4FBDBF77B486}.Release|Mixed Platforms.ActiveCfg = winphone_Release|Any CPU
		{D68133BD-1E63-496E-9EDE-4FBDBF77B486}.Release|Mixed Platforms.Build.0 = winphone_Release|Any CPU
		{D68133BD-1E63-496E-9EDE-4FBDBF77B486}.Release|x86.ActiveCfg = winphone_Release|Any CPU
		{D68133BD-1E63-496E-9EDE-4FBDBF77B486}.silverlight_Debug|Any CPU.ActiveCfg = silverlight_Debug|Any CPU
		{D68133BD-1E63-496E-9EDE-4FBDBF77B486}.silverlight_Debug|Any CPU.Build.0 = silverlight_Debug|Any CPU
		{D68133BD-1E63-496E-9EDE-4FBDBF77B486}.silverlight_Debug|Mixed Platforms.ActiveCfg = silverlight_Debug|Any CPU
		{D68133BD-1E63-496E-9EDE-4FBDBF77B486}.silverlight_Debug|Mixed Platforms.Build.0 = silverlight_Debug|Any CPU
		{D68133BD-1E63-496E-9EDE-4FBDBF77B486}.silverlight_Debug|x86.ActiveCfg = silverlight_Debug|Any CPU
		{D68133BD-1E63-496E-9EDE-4FBDBF77B486}.silverlight_Release|Any CPU.ActiveCfg = silverlight_Release|Any CPU
		{D68133BD-1E63-496E-9EDE-4FBDBF77B486}.silverlight_Release|Any CPU.Build.0 = silverlight_Release|Any CPU
		{D68133BD-1E63-496E-9EDE-4FBDBF77B486}.silverlight_Release|Mixed Platforms.ActiveCfg = silverlight_Release|Any CPU
		{D68133BD-1E63-496E-9EDE-4FBDBF77B486}.silverlight_Release|Mixed Platforms.Build.0 = silverlight_Release|Any CPU
		{D68133BD-1E63-496E-9EDE-4FBDBF77B486}.silverlight_Release|x86.ActiveCfg = silverlight_Release|Any CPU
		{D68133BD-1E63-496E-9EDE-4FBDBF77B486}.winphone_Debug|Any CPU.ActiveCfg = winphone_Debug|Any CPU
		{D68133BD-1E63-496E-9EDE-4FBDBF77B486}.winphone_Debug|Any CPU.Build.0 = winphone_Debug|Any CPU
		{D68133BD-1E63-496E-9EDE-4FBDBF77B486}.winphone_Debug|Mixed Platforms.ActiveCfg = winphone_Debug|Any CPU
		{D68133BD-1E63-496E-9EDE-4FBDBF77B486}.winphone_Debug|Mixed Platforms.Build.0 = winphone_Debug|Any CPU
		{D68133BD-1E63-496E-9EDE-4FBDBF77B486}.winphone_Debug|x86.ActiveCfg = winphone_Debug|Any CPU
		{D68133BD-1E63-496E-9EDE-4FBDBF77B486}.winphone_Release|Any CPU.ActiveCfg = winphone_Release|Any CPU
		{D68133BD-1E63-496E-9EDE-4FBDBF77B486}.winphone_Release|Any CPU.Build.0 = winphone_Release|Any CPU
		{D68133BD-1E63-496E-9EDE-4FBDBF77B486}.winphone_Release|Mixed Platforms.ActiveCfg = winphone_Release|Any CPU
		{D68133BD-1E63-496E-9EDE-4FBDBF77B486}.winphone_Release|Mixed Platforms.Build.0 = winphone_Release|Any CPU
		{D68133BD-1E63-496E-9EDE-4FBDBF77B486}.winphone_Release|x86.ActiveCfg = winphone_Release|Any CPU
	EndGlobalSection
	GlobalSection(SolutionProperties) = preSolution
		HideSolutionNode = FALSE
	EndGlobalSection
EndGlobal
